
Microsoft Visual Studio Solution File, Format Version 12.00
# Visual Studio Version 16
VisualStudioVersion = 16.0.31129.286
MinimumVisualStudioVersion = 10.0.40219.1
Project("{FAE04EC0-301F-11D3-BF4B-00C04F79EFBC}") = "GrandNodeTranslator", "GrandNodeTranslator\GrandNodeTranslator.csproj", "{E7B56649-B5E9-4666-BFEC-3576B19470C9}"
EndProject
Global
	GlobalSection(SolutionConfigurationPlatforms) = preSolution
		Debug|Any CPU = Debug|Any CPU
		Release|Any CPU = Release|Any CPU
	EndGlobalSection
	GlobalSection(ProjectConfigurationPlatforms) = postSolution
		{E7B56649-B5E9-4666-BFEC-3576B19470C9}.Debug|Any CPU.ActiveCfg = Debug|Any CPU
		{E7B56649-B5E9-4666-BFEC-3576B19470C9}.Debug|Any CPU.Build.0 = Debug|Any CPU
		{E7B56649-B5E9-4666-BFEC-3576B19470C9}.Release|Any CPU.ActiveCfg = Release|Any CPU
		{E7B56649-B5E9-4666-BFEC-3576B19470C9}.Release|Any CPU.Build.0 = Release|Any CPU
	EndGlobalSection
	GlobalSection(SolutionProperties) = preSolution
		HideSolutionNode = FALSE
	EndGlobalSection
	GlobalSection(ExtensibilityGlobals) = postSolution
		SolutionGuid = {5D5E2422-EFBD-420D-A8C0-37F432E60C13}
	EndGlobalSection
EndGlobal
